// !$*UTF8*$!
{
	archiveVersion = 1;
	classes = {
	};
	objectVersion = 50;
	objects = {

/* Begin PBXBuildFile section */
		DC55BFE325BEA3170073717A /* Food_for_ThoughtApp.swift in Sources */ = {isa = PBXBuildFile; fileRef = DC55BFE225BEA3170073717A /* Food_for_ThoughtApp.swift */; };
		DC55BFE525BEA3170073717A /* ContentView.swift in Sources */ = {isa = PBXBuildFile; fileRef = DC55BFE425BEA3170073717A /* ContentView.swift */; };
		DC55BFE725BEA3190073717A /* Assets.xcassets in Resources */ = {isa = PBXBuildFile; fileRef = DC55BFE625BEA3190073717A /* Assets.xcassets */; };
		DC55BFEA25BEA3190073717A /* Preview Assets.xcassets in Resources */ = {isa = PBXBuildFile; fileRef = DC55BFE925BEA3190073717A /* Preview Assets.xcassets */; };
		DC55BFF525BEA3190073717A /* Food_for_ThoughtTests.swift in Sources */ = {isa = PBXBuildFile; fileRef = DC55BFF425BEA3190073717A /* Food_for_ThoughtTests.swift */; };
		DC55C00025BEA3190073717A /* Food_for_ThoughtUITests.swift in Sources */ = {isa = PBXBuildFile; fileRef = DC55BFFF25BEA3190073717A /* Food_for_ThoughtUITests.swift */; };
/* End PBXBuildFile section */

/* Begin PBXContainerItemProxy section */
		DC55BFF125BEA3190073717A /* PBXContainerItemProxy */ = {
			isa = PBXContainerItemProxy;
			containerPortal = DC55BFD725BEA3170073717A /* Project object */;
			proxyType = 1;
			remoteGlobalIDString = DC55BFDE25BEA3170073717A;
			remoteInfo = "Food for Thought";
		};
		DC55BFFC25BEA3190073717A /* PBXContainerItemProxy */ = {
			isa = PBXContainerItemProxy;
			containerPortal = DC55BFD725BEA3170073717A /* Project object */;
			proxyType = 1;
			remoteGlobalIDString = DC55BFDE25BEA3170073717A;
			remoteInfo = "Food for Thought";
		};
/* End PBXContainerItemProxy section */

/* Begin PBXFileReference section */
		DC55BFDF25BEA3170073717A /* Food for Thought.app */ = {isa = PBXFileReference; explicitFileType = wrapper.application; includeInIndex = 0; path = "Food for Thought.app"; sourceTree = BUILT_PRODUCTS_DIR; };
		DC55BFE225BEA3170073717A /* Food_for_ThoughtApp.swift */ = {isa = PBXFileReference; lastKnownFileType = sourcecode.swift; path = Food_for_ThoughtApp.swift; sourceTree = "<group>"; };
		DC55BFE425BEA3170073717A /* ContentView.swift */ = {isa = PBXFileReference; lastKnownFileType = sourcecode.swift; path = ContentView.swift; sourceTree = "<group>"; };
		DC55BFE625BEA3190073717A /* Assets.xcassets */ = {isa = PBXFileReference; lastKnownFileType = folder.assetcatalog; path = Assets.xcassets; sourceTree = "<group>"; };
		DC55BFE925BEA3190073717A /* Preview Assets.xcassets */ = {isa = PBXFileReference; lastKnownFileType = folder.assetcatalog; path = "Preview Assets.xcassets"; sourceTree = "<group>"; };
		DC55BFEB25BEA3190073717A /* Info.plist */ = {isa = PBXFileReference; lastKnownFileType = text.plist.xml; path = Info.plist; sourceTree = "<group>"; };
		DC55BFF025BEA3190073717A /* Food for ThoughtTests.xctest */ = {isa = PBXFileReference; explicitFileType = wrapper.cfbundle; includeInIndex = 0; path = "Food for ThoughtTests.xctest"; sourceTree = BUILT_PRODUCTS_DIR; };
		DC55BFF425BEA3190073717A /* Food_for_ThoughtTests.swift */ = {isa = PBXFileReference; lastKnownFileType = sourcecode.swift; path = Food_for_ThoughtTests.swift; sourceTree = "<group>"; };
		DC55BFF625BEA3190073717A /* Info.plist */ = {isa = PBXFileReference; lastKnownFileType = text.plist.xml; path = Info.plist; sourceTree = "<group>"; };
		DC55BFFB25BEA3190073717A /* Food for ThoughtUITests.xctest */ = {isa = PBXFileReference; explicitFileType = wrapper.cfbundle; includeInIndex = 0; path = "Food for ThoughtUITests.xctest"; sourceTree = BUILT_PRODUCTS_DIR; };
		DC55BFFF25BEA3190073717A /* Food_for_ThoughtUITests.swift */ = {isa = PBXFileReference; lastKnownFileType = sourcecode.swift; path = Food_for_ThoughtUITests.swift; sourceTree = "<group>"; };
		DC55C00125BEA3190073717A /* Info.plist */ = {isa = PBXFileReference; lastKnownFileType = text.plist.xml; path = Info.plist; sourceTree = "<group>"; };
/* End PBXFileReference section */

/* Begin PBXFrameworksBuildPhase section */
		DC55BFDC25BEA3170073717A /* Frameworks */ = {
			isa = PBXFrameworksBuildPhase;
			buildActionMask = 2147483647;
			files = (
			);
			runOnlyForDeploymentPostprocessing = 0;
		};
		DC55BFED25BEA3190073717A /* Frameworks */ = {
			isa = PBXFrameworksBuildPhase;
			buildActionMask = 2147483647;
			files = (
			);
			runOnlyForDeploymentPostprocessing = 0;
		};
		DC55BFF825BEA3190073717A /* Frameworks */ = {
			isa = PBXFrameworksBuildPhase;
			buildActionMask = 2147483647;
			files = (
			);
			runOnlyForDeploymentPostprocessing = 0;
		};
/* End PBXFrameworksBuildPhase section */

/* Begin PBXGroup section */
		DC55BFD625BEA3170073717A = {
			isa = PBXGroup;
			children = (
				DC55BFE125BEA3170073717A /* Food for Thought */,
				DC55BFF325BEA3190073717A /* Food for ThoughtTests */,
				DC55BFFE25BEA3190073717A /* Food for ThoughtUITests */,
				DC55BFE025BEA3170073717A /* Products */,
			);
			sourceTree = "<group>";
		};
		DC55BFE025BEA3170073717A /* Products */ = {
			isa = PBXGroup;
			children = (
				DC55BFDF25BEA3170073717A /* Food for Thought.app */,
				DC55BFF025BEA3190073717A /* Food for ThoughtTests.xctest */,
				DC55BFFB25BEA3190073717A /* Food for ThoughtUITests.xctest */,
			);
			name = Products;
			sourceTree = "<group>";
		};
		DC55BFE125BEA3170073717A /* Food for Thought */ = {
			isa = PBXGroup;
			children = (
				DC55BFE225BEA3170073717A /* Food_for_ThoughtApp.swift */,
				DC55BFE425BEA3170073717A /* ContentView.swift */,
				DC55BFE625BEA3190073717A /* Assets.xcassets */,
				DC55BFEB25BEA3190073717A /* Info.plist */,
				DC55BFE825BEA3190073717A /* Preview Content */,
			);
			path = "Food for Thought";
			sourceTree = "<group>";
		};
		DC55BFE825BEA3190073717A /* Preview Content */ = {
			isa = PBXGroup;
			children = (
				DC55BFE925BEA3190073717A /* Preview Assets.xcassets */,
			);
			path = "Preview Content";
			sourceTree = "<group>";
		};
		DC55BFF325BEA3190073717A /* Food for ThoughtTests */ = {
			isa = PBXGroup;
			children = (
				DC55BFF425BEA3190073717A /* Food_for_ThoughtTests.swift */,
				DC55BFF625BEA3190073717A /* Info.plist */,
			);
			path = "Food for ThoughtTests";
			sourceTree = "<group>";
		};
		DC55BFFE25BEA3190073717A /* Food for ThoughtUITests */ = {
			isa = PBXGroup;
			children = (
				DC55BFFF25BEA3190073717A /* Food_for_ThoughtUITests.swift */,
				DC55C00125BEA3190073717A /* Info.plist */,
			);
			path = "Food for ThoughtUITests";
			sourceTree = "<group>";
		};
/* End PBXGroup section */

/* Begin PBXNativeTarget section */
		DC55BFDE25BEA3170073717A /* Food for Thought */ = {
			isa = PBXNativeTarget;
			buildConfigurationList = DC55C00425BEA3190073717A /* Build configuration list for PBXNativeTarget "Food for Thought" */;
			buildPhases = (
				DC55BFDB25BEA3170073717A /* Sources */,
				DC55BFDC25BEA3170073717A /* Frameworks */,
				DC55BFDD25BEA3170073717A /* Resources */,
			);
			buildRules = (
			);
			dependencies = (
			);
			name = "Food for Thought";
			productName = "Food for Thought";
			productReference = DC55BFDF25BEA3170073717A /* Food for Thought.app */;
			productType = "com.apple.product-type.application";
		};
		DC55BFEF25BEA3190073717A /* Food for ThoughtTests */ = {
			isa = PBXNativeTarget;
			buildConfigurationList = DC55C00725BEA3190073717A /* Build configuration list for PBXNativeTarget "Food for ThoughtTests" */;
			buildPhases = (
				DC55BFEC25BEA3190073717A /* Sources */,
				DC55BFED25BEA3190073717A /* Frameworks */,
				DC55BFEE25BEA3190073717A /* Resources */,
			);
			buildRules = (
			);
			dependencies = (
				DC55BFF225BEA3190073717A /* PBXTargetDependency */,
			);
			name = "Food for ThoughtTests";
			productName = "Food for ThoughtTests";
			productReference = DC55BFF025BEA3190073717A /* Food for ThoughtTests.xctest */;
			productType = "com.apple.product-type.bundle.unit-test";
		};
		DC55BFFA25BEA3190073717A /* Food for ThoughtUITests */ = {
			isa = PBXNativeTarget;
			buildConfigurationList = DC55C00A25BEA3190073717A /* Build configuration list for PBXNativeTarget "Food for ThoughtUITests" */;
			buildPhases = (
				DC55BFF725BEA3190073717A /* Sources */,
				DC55BFF825BEA3190073717A /* Frameworks */,
				DC55BFF925BEA3190073717A /* Resources */,
			);
			buildRules = (
			);
			dependencies = (
				DC55BFFD25BEA3190073717A /* PBXTargetDependency */,
			);
			name = "Food for ThoughtUITests";
			productName = "Food for ThoughtUITests";
			productReference = DC55BFFB25BEA3190073717A /* Food for ThoughtUITests.xctest */;
			productType = "com.apple.product-type.bundle.ui-testing";
		};
/* End PBXNativeTarget section */

/* Begin PBXProject section */
		DC55BFD725BEA3170073717A /* Project object */ = {
			isa = PBXProject;
			attributes = {
				LastSwiftUpdateCheck = 1230;
				LastUpgradeCheck = 1230;
				TargetAttributes = {
					DC55BFDE25BEA3170073717A = {
						CreatedOnToolsVersion = 12.3;
					};
					DC55BFEF25BEA3190073717A = {
						CreatedOnToolsVersion = 12.3;
						TestTargetID = DC55BFDE25BEA3170073717A;
					};
					DC55BFFA25BEA3190073717A = {
						CreatedOnToolsVersion = 12.3;
						TestTargetID = DC55BFDE25BEA3170073717A;
					};
				};
			};
			buildConfigurationList = DC55BFDA25BEA3170073717A /* Build configuration list for PBXProject "Food for Thought" */;
			compatibilityVersion = "Xcode 9.3";
			developmentRegion = en;
			hasScannedForEncodings = 0;
			knownRegions = (
				en,
				Base,
			);
			mainGroup = DC55BFD625BEA3170073717A;
			productRefGroup = DC55BFE025BEA3170073717A /* Products */;
			projectDirPath = "";
			projectRoot = "";
			targets = (
				DC55BFDE25BEA3170073717A /* Food for Thought */,
				DC55BFEF25BEA3190073717A /* Food for ThoughtTests */,
				DC55BFFA25BEA3190073717A /* Food for ThoughtUITests */,
			);
		};
/* End PBXProject section */

/* Begin PBXResourcesBuildPhase section */
		DC55BFDD25BEA3170073717A /* Resources */ = {
			isa = PBXResourcesBuildPhase;
			buildActionMask = 2147483647;
			files = (
				DC55BFEA25BEA3190073717A /* Preview Assets.xcassets in Resources */,
				DC55BFE725BEA3190073717A /* Assets.xcassets in Resources */,
			);
			runOnlyForDeploymentPostprocessing = 0;
		};
		DC55BFEE25BEA3190073717A /* Resources */ = {
			isa = PBXResourcesBuildPhase;
			buildActionMask = 2147483647;
			files = (
			);
			runOnlyForDeploymentPostprocessing = 0;
		};
		DC55BFF925BEA3190073717A /* Resources */ = {
			isa = PBXResourcesBuildPhase;
			buildActionMask = 2147483647;
			files = (
			);
			runOnlyForDeploymentPostprocessing = 0;
		};
/* End PBXResourcesBuildPhase section */

/* Begin PBXSourcesBuildPhase section */
		DC55BFDB25BEA3170073717A /* Sources */ = {
			isa = PBXSourcesBuildPhase;
			buildActionMask = 2147483647;
			files = (
				DC55BFE525BEA3170073717A /* ContentView.swift in Sources */,
				DC55BFE325BEA3170073717A /* Food_for_ThoughtApp.swift in Sources */,
			);
			runOnlyForDeploymentPostprocessing = 0;
		};
		DC55BFEC25BEA3190073717A /* Sources */ = {
			isa = PBXSourcesBuildPhase;
			buildActionMask = 2147483647;
			files = (
				DC55BFF525BEA3190073717A /* Food_for_ThoughtTests.swift in Sources */,
			);
			runOnlyForDeploymentPostprocessing = 0;
		};
		DC55BFF725BEA3190073717A /* Sources */ = {
			isa = PBXSourcesBuildPhase;
			buildActionMask = 2147483647;
			files = (
				DC55C00025BEA3190073717A /* Food_for_ThoughtUITests.swift in Sources */,
			);
			runOnlyForDeploymentPostprocessing = 0;
		};
/* End PBXSourcesBuildPhase section */

/* Begin PBXTargetDependency section */
		DC55BFF225BEA3190073717A /* PBXTargetDependency */ = {
			isa = PBXTargetDependency;
			target = DC55BFDE25BEA3170073717A /* Food for Thought */;
			targetProxy = DC55BFF125BEA3190073717A /* PBXContainerItemProxy */;
		};
		DC55BFFD25BEA3190073717A /* PBXTargetDependency */ = {
			isa = PBXTargetDependency;
			target = DC55BFDE25BEA3170073717A /* Food for Thought */;
			targetProxy = DC55BFFC25BEA3190073717A /* PBXContainerItemProxy */;
		};
/* End PBXTargetDependency section */

/* Begin XCBuildConfiguration section */
		DC55C00225BEA3190073717A /* Debug */ = {
			isa = XCBuildConfiguration;
			buildSettings = {
				ALWAYS_SEARCH_USER_PATHS = NO;
				CLANG_ANALYZER_NONNULL = YES;
				CLANG_ANALYZER_NUMBER_OBJECT_CONVERSION = YES_AGGRESSIVE;
				CLANG_CXX_LANGUAGE_STANDARD = "gnu++14";
				CLANG_CXX_LIBRARY = "libc++";
				CLANG_ENABLE_MODULES = YES;
				CLANG_ENABLE_OBJC_ARC = YES;
				CLANG_ENABLE_OBJC_WEAK = YES;
				CLANG_WARN_BLOCK_CAPTURE_AUTORELEASING = YES;
				CLANG_WARN_BOOL_CONVERSION = YES;
				CLANG_WARN_COMMA = YES;
				CLANG_WARN_CONSTANT_CONVERSION = YES;
				CLANG_WARN_DEPRECATED_OBJC_IMPLEMENTATIONS = YES;
				CLANG_WARN_DIRECT_OBJC_ISA_USAGE = YES_ERROR;
				CLANG_WARN_DOCUMENTATION_COMMENTS = YES;
				CLANG_WARN_EMPTY_BODY = YES;
				CLANG_WARN_ENUM_CONVERSION = YES;
				CLANG_WARN_INFINITE_RECURSION = YES;
				CLANG_WARN_INT_CONVERSION = YES;
				CLANG_WARN_NON_LITERAL_NULL_CONVERSION = YES;
				CLANG_WARN_OBJC_IMPLICIT_RETAIN_SELF = YES;
				CLANG_WARN_OBJC_LITERAL_CONVERSION = YES;
				CLANG_WARN_OBJC_ROOT_CLASS = YES_ERROR;
				CLANG_WARN_QUOTED_INCLUDE_IN_FRAMEWORK_HEADER = YES;
				CLANG_WARN_RANGE_LOOP_ANALYSIS = YES;
				CLANG_WARN_STRICT_PROTOTYPES = YES;
				CLANG_WARN_SUSPICIOUS_MOVE = YES;
				CLANG_WARN_UNGUARDED_AVAILABILITY = YES_AGGRESSIVE;
				CLANG_WARN_UNREACHABLE_CODE = YES;
				CLANG_WARN__DUPLICATE_METHOD_MATCH = YES;
				COPY_PHASE_STRIP = NO;
				DEBUG_INFORMATION_FORMAT = dwarf;
				ENABLE_STRICT_OBJC_MSGSEND = YES;
				ENABLE_TESTABILITY = YES;
				GCC_C_LANGUAGE_STANDARD = gnu11;
				GCC_DYNAMIC_NO_PIC = NO;
				GCC_NO_COMMON_BLOCKS = YES;
				GCC_OPTIMIZATION_LEVEL = 0;
				GCC_PREPROCESSOR_DEFINITIONS = (
					"DEBUG=1",
					"$(inherited)",
				);
				GCC_WARN_64_TO_32_BIT_CONVERSION = YES;
				GCC_WARN_ABOUT_RETURN_TYPE = YES_ERROR;
				GCC_WARN_UNDECLARED_SELECTOR = YES;
				GCC_WARN_UNINITIALIZED_AUTOS = YES_AGGRESSIVE;
				GCC_WARN_UNUSED_FUNCTION = YES;
				GCC_WARN_UNUSED_VARIABLE = YES;
				IPHONEOS_DEPLOYMENT_TARGET = 14.3;
				MTL_ENABLE_DEBUG_INFO = INCLUDE_SOURCE;
				MTL_FAST_MATH = YES;
				ONLY_ACTIVE_ARCH = YES;
				SDKROOT = iphoneos;
				SWIFT_ACTIVE_COMPILATION_CONDITIONS = DEBUG;
				SWIFT_OPTIMIZATION_LEVEL = "-Onone";
			};
			name = Debug;
		};
		DC55C00325BEA3190073717A /* Release */ = {
			isa = XCBuildConfiguration;
			buildSettings = {
				ALWAYS_SEARCH_USER_PATHS = NO;
				CLANG_ANALYZER_NONNULL = YES;
				CLANG_ANALYZER_NUMBER_OBJECT_CONVERSION = YES_AGGRESSIVE;
				CLANG_CXX_LANGUAGE_STANDARD = "gnu++14";
				CLANG_CXX_LIBRARY = "libc++";
				CLANG_ENABLE_MODULES = YES;
				CLANG_ENABLE_OBJC_ARC = YES;
				CLANG_ENABLE_OBJC_WEAK = YES;
				CLANG_WARN_BLOCK_CAPTURE_AUTORELEASING = YES;
				CLANG_WARN_BOOL_CONVERSION = YES;
				CLANG_WARN_COMMA = YES;
				CLANG_WARN_CONSTANT_CONVERSION = YES;
				CLANG_WARN_DEPRECATED_OBJC_IMPLEMENTATIONS = YES;
				CLANG_WARN_DIRECT_OBJC_ISA_USAGE = YES_ERROR;
				CLANG_WARN_DOCUMENTATION_COMMENTS = YES;
				CLANG_WARN_EMPTY_BODY = YES;
				CLANG_WARN_ENUM_CONVERSION = YES;
				CLANG_WARN_INFINITE_RECURSION = YES;
				CLANG_WARN_INT_CONVERSION = YES;
				CLANG_WARN_NON_LITERAL_NULL_CONVERSION = YES;
				CLANG_WARN_OBJC_IMPLICIT_RETAIN_SELF = YES;
				CLANG_WARN_OBJC_LITERAL_CONVERSION = YES;
				CLANG_WARN_OBJC_ROOT_CLASS = YES_ERROR;
				CLANG_WARN_QUOTED_INCLUDE_IN_FRAMEWORK_HEADER = YES;
				CLANG_WARN_RANGE_LOOP_ANALYSIS = YES;
				CLANG_WARN_STRICT_PROTOTYPES = YES;
				CLANG_WARN_SUSPICIOUS_MOVE = YES;
				CLANG_WARN_UNGUARDED_AVAILABILITY = YES_AGGRESSIVE;
				CLANG_WARN_UNREACHABLE_CODE = YES;
				CLANG_WARN__DUPLICATE_METHOD_MATCH = YES;
				COPY_PHASE_STRIP = NO;
				DEBUG_INFORMATION_FORMAT = "dwarf-with-dsym";
				ENABLE_NS_ASSERTIONS = NO;
				ENABLE_STRICT_OBJC_MSGSEND = YES;
				GCC_C_LANGUAGE_STANDARD = gnu11;
				GCC_NO_COMMON_BLOCKS = YES;
				GCC_WARN_64_TO_32_BIT_CONVERSION = YES;
				GCC_WARN_ABOUT_RETURN_TYPE = YES_ERROR;
				GCC_WARN_UNDECLARED_SELECTOR = YES;
				GCC_WARN_UNINITIALIZED_AUTOS = YES_AGGRESSIVE;
				GCC_WARN_UNUSED_FUNCTION = YES;
				GCC_WARN_UNUSED_VARIABLE = YES;
				IPHONEOS_DEPLOYMENT_TARGET = 14.3;
				MTL_ENABLE_DEBUG_INFO = NO;
				MTL_FAST_MATH = YES;
				SDKROOT = iphoneos;
				SWIFT_COMPILATION_MODE = wholemodule;
				SWIFT_OPTIMIZATION_LEVEL = "-O";
				VALIDATE_PRODUCT = YES;
			};
			name = Release;
		};
		DC55C00525BEA3190073717A /* Debug */ = {
			isa = XCBuildConfiguration;
			buildSettings = {
				ASSETCATALOG_COMPILER_APPICON_NAME = AppIcon;
				ASSETCATALOG_COMPILER_GLOBAL_ACCENT_COLOR_NAME = AccentColor;
				CODE_SIGN_STYLE = Automatic;
				DEVELOPMENT_ASSET_PATHS = "\"Food for Thought/Preview Content\"";
				DEVELOPMENT_TEAM = G29FN589GC;
				ENABLE_PREVIEWS = YES;
				INFOPLIST_FILE = "Food for Thought/Info.plist";
				IPHONEOS_DEPLOYMENT_TARGET = 14.0;
				LD_RUNPATH_SEARCH_PATHS = (
					"$(inherited)",
					"@executable_path/Frameworks",
				);
				PRODUCT_BUNDLE_IDENTIFIER = "school.Food-for-Thought";
				PRODUCT_NAME = "$(TARGET_NAME)";
				SWIFT_VERSION = 5.0;
				TARGETED_DEVICE_FAMILY = "1,2";
			};
			name = Debug;
		};
		DC55C00625BEA3190073717A /* Release */ = {
			isa = XCBuildConfiguration;
			buildSettings = {
				ASSETCATALOG_COMPILER_APPICON_NAME = AppIcon;
				ASSETCATALOG_COMPILER_GLOBAL_ACCENT_COLOR_NAME = AccentColor;
				CODE_SIGN_STYLE = Automatic;
				DEVELOPMENT_ASSET_PATHS = "\"Food for Thought/Preview Content\"";
				DEVELOPMENT_TEAM = G29FN589GC;
				ENABLE_PREVIEWS = YES;
				INFOPLIST_FILE = "Food for Thought/Info.plist";
				IPHONEOS_DEPLOYMENT_TARGET = 14.0;
				LD_RUNPATH_SEARCH_PATHS = (
					"$(inherited)",
					"@executable_path/Frameworks",
				);
				PRODUCT_BUNDLE_IDENTIFIER = "school.Food-for-Thought";
				PRODUCT_NAME = "$(TARGET_NAME)";
				SWIFT_VERSION = 5.0;
				TARGETED_DEVICE_FAMILY = "1,2";
			};
			name = Release;
		};
		DC55C00825BEA3190073717A /* Debug */ = {
			isa = XCBuildConfiguration;
			buildSettings = {
				ALWAYS_EMBED_SWIFT_STANDARD_LIBRARIES = YES;
				BUNDLE_LOADER = "$(TEST_HOST)";
				CODE_SIGN_STYLE = Automatic;
				DEVELOPMENT_TEAM = G29FN589GC;
				INFOPLIST_FILE = "Food for ThoughtTests/Info.plist";
				IPHONEOS_DEPLOYMENT_TARGET = 14.0;
				LD_RUNPATH_SEARCH_PATHS = (
					"$(inherited)",
					"@executable_path/Frameworks",
					"@loader_path/Frameworks",
				);
				PRODUCT_BUNDLE_IDENTIFIER = "school.Food-for-ThoughtTests";
				PRODUCT_NAME = "$(TARGET_NAME)";
				SWIFT_VERSION = 5.0;
				TARGETED_DEVICE_FAMILY = "1,2";
				TEST_HOST = "$(BUILT_PRODUCTS_DIR)/Food for Thought.app/Food for Thought";
			};
			name = Debug;
		};
		DC55C00925BEA3190073717A /* Release */ = {
			isa = XCBuildConfiguration;
			buildSettings = {
				ALWAYS_EMBED_SWIFT_STANDARD_LIBRARIES = YES;
				BUNDLE_LOADER = "$(TEST_HOST)";
				CODE_SIGN_STYLE = Automatic;
				DEVELOPMENT_TEAM = G29FN589GC;
				INFOPLIST_FILE = "Food for ThoughtTests/Info.plist";
				IPHONEOS_DEPLOYMENT_TARGET = 14.0;
				LD_RUNPATH_SEARCH_PATHS = (
					"$(inherited)",
					"@executable_path/Frameworks",
					"@loader_path/Frameworks",
				);
				PRODUCT_BUNDLE_IDENTIFIER = "school.Food-for-ThoughtTests";
				PRODUCT_NAME = "$(TARGET_NAME)";
				SWIFT_VERSION = 5.0;
				TARGETED_DEVICE_FAMILY = "1,2";
				TEST_HOST = "$(BUILT_PRODUCTS_DIR)/Food for Thought.app/Food for Thought";
			};
			name = Release;
		};
		DC55C00B25BEA3190073717A /* Debug */ = {
			isa = XCBuildConfiguration;
			buildSettings = {
				ALWAYS_EMBED_SWIFT_STANDARD_LIBRARIES = YES;
				CODE_SIGN_STYLE = Automatic;
				DEVELOPMENT_TEAM = G29FN589GC;
				INFOPLIST_FILE = "Food for ThoughtUITests/Info.plist";
				LD_RUNPATH_SEARCH_PATHS = (
					"$(inherited)",
					"@executable_path/Frameworks",
					"@loader_path/Frameworks",
				);
				PRODUCT_BUNDLE_IDENTIFIER = "school.Food-for-ThoughtUITests";
				PRODUCT_NAME = "$(TARGET_NAME)";
				SWIFT_VERSION = 5.0;
				TARGETED_DEVICE_FAMILY = "1,2";
				TEST_TARGET_NAME = "Food for Thought";
			};
			name = Debug;
		};
		DC55C00C25BEA3190073717A /* Release */ = {
			isa = XCBuildConfiguration;
			buildSettings = {
				ALWAYS_EMBED_SWIFT_STANDARD_LIBRARIES = YES;
				CODE_SIGN_STYLE = Automatic;
				DEVELOPMENT_TEAM = G29FN589GC;
				INFOPLIST_FILE = "Food for ThoughtUITests/Info.plist";
				LD_RUNPATH_SEARCH_PATHS = (
					"$(inherited)",
					"@executable_path/Frameworks",
					"@loader_path/Frameworks",
				);
				PRODUCT_BUNDLE_IDENTIFIER = "school.Food-for-ThoughtUITests";
				PRODUCT_NAME = "$(TARGET_NAME)";
				SWIFT_VERSION = 5.0;
				TARGETED_DEVICE_FAMILY = "1,2";
				TEST_TARGET_NAME = "Food for Thought";
			};
			name = Release;
		};
/* End XCBuildConfiguration section */

/* Begin XCConfigurationList section */
		DC55BFDA25BEA3170073717A /* Build configuration list for PBXProject "Food for Thought" */ = {
			isa = XCConfigurationList;
			buildConfigurations = (
				DC55C00225BEA3190073717A /* Debug */,
				DC55C00325BEA3190073717A /* Release */,
			);
			defaultConfigurationIsVisible = 0;
			defaultConfigurationName = Release;
		};
		DC55C00425BEA3190073717A /* Build configuration list for PBXNativeTarget "Food for Thought" */ = {
			isa = XCConfigurationList;
			buildConfigurations = (
				DC55C00525BEA3190073717A /* Debug */,
				DC55C00625BEA3190073717A /* Release */,
			);
			defaultConfigurationIsVisible = 0;
			defaultConfigurationName = Release;
		};
		DC55C00725BEA3190073717A /* Build configuration list for PBXNativeTarget "Food for ThoughtTests" */ = {
			isa = XCConfigurationList;
			buildConfigurations = (
				DC55C00825BEA3190073717A /* Debug */,
				DC55C00925BEA3190073717A /* Release */,
			);
			defaultConfigurationIsVisible = 0;
			defaultConfigurationName = Release;
		};
		DC55C00A25BEA3190073717A /* Build configuration list for PBXNativeTarget "Food for ThoughtUITests" */ = {
			isa = XCConfigurationList;
			buildConfigurations = (
				DC55C00B25BEA3190073717A /* Debug */,
				DC55C00C25BEA3190073717A /* Release */,
			);
			defaultConfigurationIsVisible = 0;
			defaultConfigurationName = Release;
		};
/* End XCConfigurationList section */
	};
	rootObject = DC55BFD725BEA3170073717A /* Project object */;
}
